
Microsoft Visual Studio Solution File, Format Version 12.00
# Visual Studio Version 17
VisualStudioVersion = 17.3.32929.385
MinimumVisualStudioVersion = 10.0.40219.1
Project("{FAE04EC0-301F-11D3-BF4B-00C04F79EFBC}") = "Task_1", "Task_1\Task_1.csproj", "{2F7F3D43-A9A8-4E44-A206-92AF350CBBA6}"
EndProject
Global
	GlobalSection(SolutionConfigurationPlatforms) = preSolution
		Debug|Any CPU = Debug|Any CPU
		Release|Any CPU = Release|Any CPU
	EndGlobalSection
	GlobalSection(ProjectConfigurationPlatforms) = postSolution
		{2F7F3D43-A9A8-4E44-A206-92AF350CBBA6}.Debug|Any CPU.ActiveCfg = Debug|Any CPU
		{2F7F3D43-A9A8-4E44-A206-92AF350CBBA6}.Debug|Any CPU.Build.0 = Debug|Any CPU
		{2F7F3D43-A9A8-4E44-A206-92AF350CBBA6}.Release|Any CPU.ActiveCfg = Release|Any CPU
		{2F7F3D43-A9A8-4E44-A206-92AF350CBBA6}.Release|Any CPU.Build.0 = Release|Any CPU
	EndGlobalSection
	GlobalSection(SolutionProperties) = preSolution
		HideSolutionNode = FALSE
	EndGlobalSection
	GlobalSection(ExtensibilityGlobals) = postSolution
		SolutionGuid = {E703A687-4F5B-4A60-AB98-1F1797F3DD50}
	EndGlobalSection
EndGlobal
